
Microsoft Visual Studio Solution File, Format Version 12.00
# Visual Studio Version 17
VisualStudioVersion = 17.0.32014.148
MinimumVisualStudioVersion = 10.0.40219.1
Project("{FAE04EC0-301F-11D3-BF4B-00C04F79EFBC}") = "Pr01183", "Pr01183\Pr01183.csproj", "{B6F5D332-3759-4FEF-ACCD-EF82C1021D67}"
EndProject
Global
	GlobalSection(SolutionConfigurationPlatforms) = preSolution
		Debug|Any CPU = Debug|Any CPU
		Release|Any CPU = Release|Any CPU
	EndGlobalSection
	GlobalSection(ProjectConfigurationPlatforms) = postSolution
		{B6F5D332-3759-4FEF-ACCD-EF82C1021D67}.Debug|Any CPU.ActiveCfg = Debug|Any CPU
		{B6F5D332-3759-4FEF-ACCD-EF82C1021D67}.Debug|Any CPU.Build.0 = Debug|Any CPU
		{B6F5D332-3759-4FEF-ACCD-EF82C1021D67}.Release|Any CPU.ActiveCfg = Release|Any CPU
		{B6F5D332-3759-4FEF-ACCD-EF82C1021D67}.Release|Any CPU.Build.0 = Release|Any CPU
	EndGlobalSection
	GlobalSection(SolutionProperties) = preSolution
		HideSolutionNode = FALSE
	EndGlobalSection
	GlobalSection(ExtensibilityGlobals) = postSolution
		SolutionGuid = {5AD5FE49-8588-4E54-BB2C-BE370BE5D2E0}
	EndGlobalSection
EndGlobal
